# This file is automatically @generated by Poetry 1.7.1 and should not be changed by hand.

[[package]]
name = "certifi"
version = "2024.2.2"
description = "Python package for providing Mozilla's CA Bundle."
optional = false
python-versions = ">=3.6"
files = [
    {file = "certifi-2024.2.2-py3-none-any.whl", hash = "sha256:dc383c07b76109f368f6106eee2b593b04a011ea4d55f652c6ca24a754d1cdd1"},
    {file = "certifi-2024.2.2.tar.gz", hash = "sha256:0569859f95fc761b18b45ef421b1290a0f65f147e92a1e5eb3e635f9a5e4e66f"},
]

[[package]]
name = "pyproj"
version = "3.6.1"
description = "Python interface to PROJ (cartographic projections and coordinate transformations library)"
optional = false
python-versions = ">=3.9"
files = [
    {file = "pyproj-3.6.1-cp310-cp310-macosx_10_9_x86_64.whl", hash = "sha256:ab7aa4d9ff3c3acf60d4b285ccec134167a948df02347585fdd934ebad8811b4"},
    {file = "pyproj-3.6.1-cp310-cp310-macosx_11_0_arm64.whl", hash = "sha256:4bc0472302919e59114aa140fd7213c2370d848a7249d09704f10f5b062031fe"},
    {file = "pyproj-3.6.1-cp310-cp310-manylinux_2_17_aarch64.manylinux2014_aarch64.whl", hash = "sha256:5279586013b8d6582e22b6f9e30c49796966770389a9d5b85e25a4223286cd3f"},
    {file = "pyproj-3.6.1-cp310-cp310-manylinux_2_17_x86_64.manylinux2014_x86_64.whl", hash = "sha256:80fafd1f3eb421694857f254a9bdbacd1eb22fc6c24ca74b136679f376f97d35"},
    {file = "pyproj-3.6.1-cp310-cp310-win32.whl", hash = "sha256:c41e80ddee130450dcb8829af7118f1ab69eaf8169c4bf0ee8d52b72f098dc2f"},
    {file = "pyproj-3.6.1-cp310-cp310-win_amd64.whl", hash = "sha256:db3aedd458e7f7f21d8176f0a1d924f1ae06d725228302b872885a1c34f3119e"},
    {file = "pyproj-3.6.1-cp311-cp311-macosx_10_9_x86_64.whl", hash = "sha256:ebfbdbd0936e178091309f6cd4fcb4decd9eab12aa513cdd9add89efa3ec2882"},
    {file = "pyproj-3.6.1-cp311-cp311-macosx_11_0_arm64.whl", hash = "sha256:447db19c7efad70ff161e5e46a54ab9cc2399acebb656b6ccf63e4bc4a04b97a"},
    {file = "pyproj-3.6.1-cp311-cp311-manylinux_2_17_aarch64.manylinux2014_aarch64.whl", hash = "sha256:e7e13c40183884ec7f94eb8e0f622f08f1d5716150b8d7a134de48c6110fee85"},
    {file = "pyproj-3.6.1-cp311-cp311-manylinux_2_17_x86_64.manylinux2014_x86_64.whl", hash = "sha256:65ad699e0c830e2b8565afe42bd58cc972b47d829b2e0e48ad9638386d994915"},
    {file = "pyproj-3.6.1-cp311-cp311-win32.whl", hash = "sha256:8b8acc31fb8702c54625f4d5a2a6543557bec3c28a0ef638778b7ab1d1772132"},
    {file = "pyproj-3.6.1-cp311-cp311-win_amd64.whl", hash = "sha256:38a3361941eb72b82bd9a18f60c78b0df8408416f9340521df442cebfc4306e2"},
    {file = "pyproj-3.6.1-cp312-cp312-macosx_10_9_x86_64.whl", hash = "sha256:1e9fbaf920f0f9b4ee62aab832be3ae3968f33f24e2e3f7fbb8c6728ef1d9746"},
    {file = "pyproj-3.6.1-cp312-cp312-macosx_11_0_arm64.whl", hash = "sha256:6d227a865356f225591b6732430b1d1781e946893789a609bb34f59d09b8b0f8"},
    {file = "pyproj-3.6.1-cp312-cp312-manylinux_2_17_aarch64.manylinux2014_aarch64.whl", hash = "sha256:83039e5ae04e5afc974f7d25ee0870a80a6bd6b7957c3aca5613ccbe0d3e72bf"},
    {file = "pyproj-3.6.1-cp312-cp312-manylinux_2_17_x86_64.manylinux2014_x86_64.whl", hash = "sha256:fffb059ba3bced6f6725961ba758649261d85ed6ce670d3e3b0a26e81cf1aa8d"},
    {file = "pyproj-3.6.1-cp312-cp312-win32.whl", hash = "sha256:2d6ff73cc6dbbce3766b6c0bce70ce070193105d8de17aa2470009463682a8eb"},
    {file = "pyproj-3.6.1-cp312-cp312-win_amd64.whl", hash = "sha256:7a27151ddad8e1439ba70c9b4b2b617b290c39395fa9ddb7411ebb0eb86d6fb0"},
    {file = "pyproj-3.6.1-cp39-cp39-macosx_10_9_x86_64.whl", hash = "sha256:4ba1f9b03d04d8cab24d6375609070580a26ce76eaed54631f03bab00a9c737b"},
    {file = "pyproj-3.6.1-cp39-cp39-macosx_11_0_arm64.whl", hash = "sha256:18faa54a3ca475bfe6255156f2f2874e9a1c8917b0004eee9f664b86ccc513d3"},
    {file = "pyproj-3.6.1-cp39-cp39-manylinux_2_17_aarch64.manylinux2014_aarch64.whl", hash = "sha256:fd43bd9a9b9239805f406fd82ba6b106bf4838d9ef37c167d3ed70383943ade1"},
    {file = "pyproj-3.6.1-cp39-cp39-manylinux_2_17_x86_64.manylinux2014_x86_64.whl", hash = "sha256:50100b2726a3ca946906cbaa789dd0749f213abf0cbb877e6de72ca7aa50e1ae"},
    {file = "pyproj-3.6.1-cp39-cp39-win32.whl", hash = "sha256:9274880263256f6292ff644ca92c46d96aa7e57a75c6df3f11d636ce845a1877"},
    {file = "pyproj-3.6.1-cp39-cp39-win_amd64.whl", hash = "sha256:36b64c2cb6ea1cc091f329c5bd34f9c01bb5da8c8e4492c709bda6a09f96808f"},
    {file = "pyproj-3.6.1-pp39-pypy39_pp73-macosx_10_9_x86_64.whl", hash = "sha256:fd93c1a0c6c4aedc77c0fe275a9f2aba4d59b8acf88cebfc19fe3c430cfabf4f"},
    {file = "pyproj-3.6.1-pp39-pypy39_pp73-manylinux_2_17_x86_64.manylinux2014_x86_64.whl", hash = "sha256:6420ea8e7d2a88cb148b124429fba8cd2e0fae700a2d96eab7083c0928a85110"},
    {file = "pyproj-3.6.1.tar.gz", hash = "sha256:44aa7c704c2b7d8fb3d483bbf75af6cb2350d30a63b144279a09b75fead501bf"},
]

[package.dependencies]
certifi = "*"

[[package]]
name = "yaramo"
version = "0.1.0"
description = "yaramo is a railway model focusing on interoperability between different existing planning formats."
optional = false
python-versions = "^3.8"
files = []
develop = false

[package.dependencies]
pyproj = "^3.4.1"

[package.source]
type = "git"
url = "https://github.com/simulate-digital-rail/yaramo"
reference = "HEAD"
resolved_reference = "f94b06c551bbbd527129448cd9bf5eb5a4575097"

[metadata]
lock-version = "2.0"
python-versions = "^3.11"
content-hash = "203b1138c16046d26738a6e40c8f5d55d2aa65ed1934336419c6e674f518923b"
